
Microsoft Visual Studio Solution File, Format Version 12.00
# Visual Studio Version 17
VisualStudioVersion = 17.1.32319.34
MinimumVisualStudioVersion = 10.0.40219.1
Project("{FAE04EC0-301F-11D3-BF4B-00C04F79EFBC}") = "StackedQueue", "StackedQueue.csproj", "{15ABB5FF-F4A5-45ED-AB1F-51E5DF418404}"
EndProject
Global
	GlobalSection(SolutionConfigurationPlatforms) = preSolution
		Debug|Any CPU = Debug|Any CPU
		Release|Any CPU = Release|Any CPU
	EndGlobalSection
	GlobalSection(ProjectConfigurationPlatforms) = postSolution
		{15ABB5FF-F4A5-45ED-AB1F-51E5DF418404}.Debug|Any CPU.ActiveCfg = Debug|Any CPU
		{15ABB5FF-F4A5-45ED-AB1F-51E5DF418404}.Debug|Any CPU.Build.0 = Debug|Any CPU
		{15ABB5FF-F4A5-45ED-AB1F-51E5DF418404}.Release|Any CPU.ActiveCfg = Release|Any CPU
		{15ABB5FF-F4A5-45ED-AB1F-51E5DF418404}.Release|Any CPU.Build.0 = Release|Any CPU
	EndGlobalSection
	GlobalSection(SolutionProperties) = preSolution
		HideSolutionNode = FALSE
	EndGlobalSection
	GlobalSection(ExtensibilityGlobals) = postSolution
		SolutionGuid = {8CCAD78F-57AF-4F94-8EEA-818B79818C71}
	EndGlobalSection
EndGlobal
